<?xml version="1.0" encoding="utf-8"?>
<Project ToolsVersion="4.0" xmlns="http://schemas.microsoft.com/developer/msbuild/2003">
  <ItemGroup>
    <Filter Include="Source Files">
      <UniqueIdentifier>{4FC737F1-C7A5-4376-A066-2A32D752A2FF}</UniqueIdentifier>
      <Extensions>cpp;c;cc;cxx;c++;cppm;ixx;def;odl;idl;hpj;bat;asm;asmx</Extensions>
    </Filter>
    <Filter Include="Header Files">
      <UniqueIdentifier>{93995380-89BD-4b04-88EB-625FBE52EBFB}</UniqueIdentifier>
      <Extensions>h;hh;hpp;hxx;h++;hm;inl;inc;ipp;xsd</Extensions>
    </Filter>
    <Filter Include="Resource Files">
      <UniqueIdentifier>{67DA6AB6-F800-4c08-8B7A-83BB121AAD01}</UniqueIdentifier>
      <Extensions>rc;ico;cur;bmp;dlg;rc2;rct;bin;rgs;gif;jpg;jpeg;jpe;resx;tiff;tif;png;wav;mfcribbon-ms</Extensions>
    </Filter>
  </ItemGroup>
  <ItemGroup>
    <ClCompile Include="main.cpp">
      <Filter>Source Files</Filter>
    </ClCompile>
    <ClCompile Include="Processors\First_Come_First_Serve.cpp">
      <Filter>Source Files</Filter>
    </ClCompile>
    <ClCompile Include="Processors\Shortest_Job_First.cpp">
      <Filter>Source Files</Filter>
    </ClCompile>
    <ClCompile Include="Processors\Round_Robin.cpp">
      <Filter>Source Files</Filter>
    </ClCompile>
    <ClCompile Include="DEFS.h">
      <Filter>Source Files</Filter>
    </ClCompile>
    <ClCompile Include="Scheduler\Scheduler.cpp">
      <Filter>Source Files</Filter>
    </ClCompile>
    <ClCompile Include="Process\Process.cpp">
      <Filter>Source Files</Filter>
    </ClCompile>
    <ClCompile Include="Process\ChildProcess.cpp">
      <Filter>Source Files</Filter>
    </ClCompile>
    <ClCompile Include="UI\UI.cpp">
      <Filter>Source Files</Filter>
    </ClCompile>
    <ClCompile Include="Processors\Processor.cpp">
      <Filter>Source Files</Filter>
    </ClCompile>
  </ItemGroup>
  <ItemGroup>
    <ClInclude Include="Processors\First_Come_First_Serve.h">
      <Filter>Header Files</Filter>
    </ClInclude>
    <ClInclude Include="Processors\Shortest_Job_First.h">
      <Filter>Header Files</Filter>
    </ClInclude>
    <ClInclude Include="Processors\Round_Robin.h">
      <Filter>Header Files</Filter>
    </ClInclude>
    <ClInclude Include="Scheduler\Scheduler.h">
      <Filter>Header Files</Filter>
    </ClInclude>
    <ClInclude Include="Data Structures\Queue\LinkedQueue.h">
      <Filter>Header Files</Filter>
    </ClInclude>
    <ClInclude Include="Data Structures\Node.h">
      <Filter>Header Files</Filter>
    </ClInclude>
    <ClInclude Include="Data Structures\Queue\QueueADT.h">
      <Filter>Header Files</Filter>
    </ClInclude>
    <ClInclude Include="Data Structures\Stack\StackADT.h">
      <Filter>Header Files</Filter>
    </ClInclude>
    <ClInclude Include="Data Structures\Stack\ArrayStack.h">
      <Filter>Header Files</Filter>
    </ClInclude>
    <ClInclude Include="Data Structures\Linked List\LinkedList.h">
      <Filter>Header Files</Filter>
    </ClInclude>
    <ClInclude Include="Process\Process.h">
      <Filter>Header Files</Filter>
    </ClInclude>
    <ClInclude Include="Process\ChildProcess.h">
      <Filter>Header Files</Filter>
    </ClInclude>
    <ClInclude Include="UI\UI.h">
      <Filter>Header Files</Filter>
    </ClInclude>
    <ClInclude Include="Processors\Processors.h">
      <Filter>Header Files</Filter>
    </ClInclude>
    <ClInclude Include="Data Structures\DS.h">
      <Filter>Header Files</Filter>
    </ClInclude>
    <ClInclude Include="Data Structures\Queue\PriorityQueue.h">
      <Filter>Header Files</Filter>
    </ClInclude>
    <ClInclude Include="Data Structures\Linked List\CircularList.h">
      <Filter>Header Files</Filter>
    </ClInclude>
    <ClInclude Include="Processors\Processor.h">
      <Filter>Header Files</Filter>
    </ClInclude>
  </ItemGroup>
</Project>